<?xml version="1.0" encoding="utf-8"?>
<Project ToolsVersion="4.0" xmlns="http://schemas.microsoft.com/developer/msbuild/2003">
  <ItemGroup>
    <Filter Include="源文件">
      <UniqueIdentifier>{975bb9cb-bd81-4c63-8d1c-8b25a6444664}</UniqueIdentifier>
      <Extensions>cpp;c;cxx;def;odl;idl;hpj;bat;asm</Extensions>
    </Filter>
    <Filter Include="头文件">
      <UniqueIdentifier>{a6683419-202d-4151-a375-0af1902886c2}</UniqueIdentifier>
      <Extensions>h;hpp;hxx;hm;inl;inc</Extensions>
    </Filter>
  </ItemGroup>
  <ItemGroup>
    <ClCompile Include="Audio.cpp">
      <Filter>源文件</Filter>
    </ClCompile>
    <ClCompile Include="dsutil.cpp">
      <Filter>源文件</Filter>
    </ClCompile>
  </ItemGroup>
  <ItemGroup>
    <ClInclude Include="Audio.h">
      <Filter>头文件</Filter>
    </ClInclude>
    <ClInclude Include="dsutil.h">
      <Filter>头文件</Filter>
    </ClInclude>
    <ClInclude Include="MusicInterface.h">
      <Filter>头文件</Filter>
    </ClInclude>
  </ItemGroup>
  <ItemGroup>
    <None Include="Audio.inl">
      <Filter>头文件</Filter>
    </None>
  </ItemGroup>
</Project>