<?xml version="1.0" encoding="utf-8"?>
<Project ToolsVersion="4.0" xmlns="http://schemas.microsoft.com/developer/msbuild/2003">
  <ItemGroup>
    <Filter Include="Source Files">
      <UniqueIdentifier>{4FC737F1-C7A5-4376-A066-2A32D752A2FF}</UniqueIdentifier>
      <Extensions>cpp;c;cc;cxx;def;odl;idl;hpj;bat;asm;asmx</Extensions>
    </Filter>
    <Filter Include="Header Files">
      <UniqueIdentifier>{93995380-89BD-4b04-88EB-625FBE52EBFB}</UniqueIdentifier>
      <Extensions>h;hpp;hxx;hm;inl;inc;xsd</Extensions>
    </Filter>
    <Filter Include="ObjectLink">
      <UniqueIdentifier>{8792103e-38b5-403b-82b0-bc0458725f13}</UniqueIdentifier>
    </Filter>
    <Filter Include="Inline">
      <UniqueIdentifier>{0e2825cd-d3b9-4fb1-b108-b49abfb67436}</UniqueIdentifier>
    </Filter>
  </ItemGroup>
  <ItemGroup>
    <ClCompile Include="ActionInf.cpp">
      <Filter>Source Files</Filter>
    </ClCompile>
    <ClCompile Include="ActionStruct.cpp">
      <Filter>Source Files</Filter>
    </ClCompile>
    <ClCompile Include="BoothData.cpp">
      <Filter>Source Files</Filter>
    </ClCompile>
    <ClCompile Include="Character.cpp">
      <Filter>Source Files</Filter>
    </ClCompile>
    <ClCompile Include="CharacterAttr.cpp">
      <Filter>Source Files</Filter>
    </ClCompile>
    <ClCompile Include="ConfigData.cpp">
      <Filter>Source Files</Filter>
    </ClCompile>
    <ClCompile Include="DirtyWords.cpp">
      <Filter>Source Files</Filter>
    </ClCompile>
    <ClCompile Include="FindGood.cpp">
      <Filter>Source Files</Filter>
    </ClCompile>
    <ClCompile Include="GameData.cpp">
      <Filter>Source Files</Filter>
    </ClCompile>
    <ClCompile Include="GameGlobal.cpp">
      <Filter>Source Files</Filter>
    </ClCompile>
    <ClCompile Include="GlobalStrMgr.cpp">
      <Filter>Source Files</Filter>
    </ClCompile>
    <ClCompile Include="Good.cpp">
      <Filter>Source Files</Filter>
    </ClCompile>
    <ClCompile Include="GoodPet.cpp">
      <Filter>Source Files</Filter>
    </ClCompile>
    <ClCompile Include="GuildData.cpp">
      <Filter>Source Files</Filter>
    </ClCompile>
    <ClCompile Include="ItemCfgMgr.cpp">
      <Filter>Source Files</Filter>
    </ClCompile>
    <ClCompile Include="LoginData.cpp">
      <Filter>Source Files</Filter>
    </ClCompile>
    <ClCompile Include="MagicCtrlMgr.cpp">
      <Filter>Source Files</Filter>
    </ClCompile>
    <ClCompile Include="MagicData.cpp">
      <Filter>Source Files</Filter>
    </ClCompile>
    <ClCompile Include="MapArray.cpp">
      <Filter>Source Files</Filter>
    </ClCompile>
    <ClCompile Include="MapFinder.cpp">
      <Filter>Source Files</Filter>
    </ClCompile>
    <ClCompile Include="MenuManager.cpp">
      <Filter>Source Files</Filter>
    </ClCompile>
    <ClCompile Include="MsgBoxMgr.cpp">
      <Filter>Source Files</Filter>
    </ClCompile>
    <ClCompile Include="NpcData.cpp">
      <Filter>Source Files</Filter>
    </ClCompile>
    <ClCompile Include="OtherData.cpp">
      <Filter>Source Files</Filter>
    </ClCompile>
    <ClCompile Include="OtherPlayer.cpp">
      <Filter>Source Files</Filter>
    </ClCompile>
    <ClCompile Include="PetData.cpp">
      <Filter>Source Files</Filter>
    </ClCompile>
    <ClCompile Include="PhyleData.cpp">
      <Filter>Source Files</Filter>
    </ClCompile>
    <ClCompile Include="ProtocolCfg.cpp">
      <Filter>Source Files</Filter>
    </ClCompile>
    <ClCompile Include="RangeXmlMgr.cpp">
      <Filter>Source Files</Filter>
    </ClCompile>
    <ClCompile Include="RelationData.cpp">
      <Filter>Source Files</Filter>
    </ClCompile>
    <ClCompile Include="SimpleCharacter.cpp">
      <Filter>Source Files</Filter>
    </ClCompile>
    <ClCompile Include="SimpleGood.cpp">
      <Filter>Source Files</Filter>
    </ClCompile>
    <ClCompile Include="SkillXmlMgr.cpp">
      <Filter>Source Files</Filter>
    </ClCompile>
    <ClCompile Include="TagText.cpp">
      <Filter>Source Files</Filter>
    </ClCompile>
    <ClCompile Include="TalkMgr.cpp">
      <Filter>Source Files</Filter>
    </ClCompile>
    <ClCompile Include="TalkName.cpp">
      <Filter>Source Files</Filter>
    </ClCompile>
    <ClCompile Include="TaskData.cpp">
      <Filter>Source Files</Filter>
    </ClCompile>
    <ClCompile Include="TipsCfg.cpp">
      <Filter>Source Files</Filter>
    </ClCompile>
    <ClCompile Include="TradeData.cpp">
      <Filter>Source Files</Filter>
    </ClCompile>
    <ClCompile Include="WooolStoreData.cpp">
      <Filter>Source Files</Filter>
    </ClCompile>
    <ClCompile Include="XmlCfg.cpp">
      <Filter>Source Files</Filter>
    </ClCompile>
    <ClCompile Include="ObjectLink\Glyph.cpp">
      <Filter>ObjectLink</Filter>
    </ClCompile>
    <ClCompile Include="ObjectLink\MultiLine.cpp">
      <Filter>ObjectLink</Filter>
    </ClCompile>
    <ClCompile Include="ObjectLink\StringLine.cpp">
      <Filter>ObjectLink</Filter>
    </ClCompile>
  </ItemGroup>
  <ItemGroup>
    <ClInclude Include="ActionInf.h">
      <Filter>Header Files</Filter>
    </ClInclude>
    <ClInclude Include="ActionStruct.h">
      <Filter>Header Files</Filter>
    </ClInclude>
    <ClInclude Include="BoothData.h">
      <Filter>Header Files</Filter>
    </ClInclude>
    <ClInclude Include="Character.h">
      <Filter>Header Files</Filter>
    </ClInclude>
    <ClInclude Include="CharacterAttr.h">
      <Filter>Header Files</Filter>
    </ClInclude>
    <ClInclude Include="ConfigData.h">
      <Filter>Header Files</Filter>
    </ClInclude>
    <ClInclude Include="DirtyWords.h">
      <Filter>Header Files</Filter>
    </ClInclude>
    <ClInclude Include="FindGood.h">
      <Filter>Header Files</Filter>
    </ClInclude>
    <ClInclude Include="GameData.h">
      <Filter>Header Files</Filter>
    </ClInclude>
    <ClInclude Include="GameDefine.h">
      <Filter>Header Files</Filter>
    </ClInclude>
    <ClInclude Include="GameGlobal.h">
      <Filter>Header Files</Filter>
    </ClInclude>
    <ClInclude Include="GlobalStrMgr.h">
      <Filter>Header Files</Filter>
    </ClInclude>
    <ClInclude Include="Good.h">
      <Filter>Header Files</Filter>
    </ClInclude>
    <ClInclude Include="GoodPet.h">
      <Filter>Header Files</Filter>
    </ClInclude>
    <ClInclude Include="GuildData.h">
      <Filter>Header Files</Filter>
    </ClInclude>
    <ClInclude Include="ItemCfgMgr.h">
      <Filter>Header Files</Filter>
    </ClInclude>
    <ClInclude Include="LoginData.h">
      <Filter>Header Files</Filter>
    </ClInclude>
    <ClInclude Include="MacroDefine.h">
      <Filter>Header Files</Filter>
    </ClInclude>
    <ClInclude Include="MagicCtrlMgr.h">
      <Filter>Header Files</Filter>
    </ClInclude>
    <ClInclude Include="MagicData.h">
      <Filter>Header Files</Filter>
    </ClInclude>
    <ClInclude Include="MagicDefine.h">
      <Filter>Header Files</Filter>
    </ClInclude>
    <ClInclude Include="MapArray.h">
      <Filter>Header Files</Filter>
    </ClInclude>
    <ClInclude Include="MapFinder.h">
      <Filter>Header Files</Filter>
    </ClInclude>
    <ClInclude Include="MenuManager.h">
      <Filter>Header Files</Filter>
    </ClInclude>
    <ClInclude Include="MsgBoxMgr.h">
      <Filter>Header Files</Filter>
    </ClInclude>
    <ClInclude Include="NpcData.h">
      <Filter>Header Files</Filter>
    </ClInclude>
    <ClInclude Include="OtherData.h">
      <Filter>Header Files</Filter>
    </ClInclude>
    <ClInclude Include="OtherPlayer.h">
      <Filter>Header Files</Filter>
    </ClInclude>
    <ClInclude Include="PacketData.h">
      <Filter>Header Files</Filter>
    </ClInclude>
    <ClInclude Include="PetData.h">
      <Filter>Header Files</Filter>
    </ClInclude>
    <ClInclude Include="PhyleData.h">
      <Filter>Header Files</Filter>
    </ClInclude>
    <ClInclude Include="ProtocolCfg.h">
      <Filter>Header Files</Filter>
    </ClInclude>
    <ClInclude Include="RangeStruct.h">
      <Filter>Header Files</Filter>
    </ClInclude>
    <ClInclude Include="RangeXmlMgr.h">
      <Filter>Header Files</Filter>
    </ClInclude>
    <ClInclude Include="RelationData.h">
      <Filter>Header Files</Filter>
    </ClInclude>
    <ClInclude Include="ReserveData.h">
      <Filter>Header Files</Filter>
    </ClInclude>
    <ClInclude Include="SimpleCharacter.h">
      <Filter>Header Files</Filter>
    </ClInclude>
    <ClInclude Include="SimpleGood.h">
      <Filter>Header Files</Filter>
    </ClInclude>
    <ClInclude Include="SkillXmlMgr.h">
      <Filter>Header Files</Filter>
    </ClInclude>
    <ClInclude Include="TagText.h">
      <Filter>Header Files</Filter>
    </ClInclude>
    <ClInclude Include="TalkMgr.h">
      <Filter>Header Files</Filter>
    </ClInclude>
    <ClInclude Include="TalkName.h">
      <Filter>Header Files</Filter>
    </ClInclude>
    <ClInclude Include="TaskData.h">
      <Filter>Header Files</Filter>
    </ClInclude>
    <ClInclude Include="TipsCfg.h">
      <Filter>Header Files</Filter>
    </ClInclude>
    <ClInclude Include="TradeData.h">
      <Filter>Header Files</Filter>
    </ClInclude>
    <ClInclude Include="UnionStruct.h">
      <Filter>Header Files</Filter>
    </ClInclude>
    <ClInclude Include="WooolStoreData.h">
      <Filter>Header Files</Filter>
    </ClInclude>
    <ClInclude Include="XmlCfg.h">
      <Filter>Header Files</Filter>
    </ClInclude>
    <ClInclude Include="ObjectLink\Glyph.h">
      <Filter>ObjectLink</Filter>
    </ClInclude>
    <ClInclude Include="ObjectLink\MultiLine.h">
      <Filter>ObjectLink</Filter>
    </ClInclude>
    <ClInclude Include="ObjectLink\StringLine.h">
      <Filter>ObjectLink</Filter>
    </ClInclude>
  </ItemGroup>
  <ItemGroup>
    <None Include="Character.inl">
      <Filter>Inline</Filter>
    </None>
    <None Include="CharacterAttr.inl">
      <Filter>Inline</Filter>
    </None>
    <None Include="GameData.inl">
      <Filter>Inline</Filter>
    </None>
    <None Include="Good.inl">
      <Filter>Inline</Filter>
    </None>
    <None Include="GoodDemon.inl">
      <Filter>Inline</Filter>
    </None>
    <None Include="MagicData.inl">
      <Filter>Inline</Filter>
    </None>
    <None Include="NpcData.inl">
      <Filter>Inline</Filter>
    </None>
    <None Include="OtherData.inl">
      <Filter>Inline</Filter>
    </None>
    <None Include="OtherPlayer.inl">
      <Filter>Inline</Filter>
    </None>
    <None Include="PetData.inl">
      <Filter>Inline</Filter>
    </None>
    <None Include="SimpleCharacter.inl">
      <Filter>Inline</Filter>
    </None>
    <None Include="ReadMe.txt" />
  </ItemGroup>
</Project>