<?xml version="1.0" encoding="utf-8"?>
<Project ToolsVersion="4.0" xmlns="http://schemas.microsoft.com/developer/msbuild/2003">
  <ItemGroup>
    <Filter Include="源文件">
      <UniqueIdentifier>{4FC737F1-C7A5-4376-A066-2A32D752A2FF}</UniqueIdentifier>
      <Extensions>cpp;c;cxx;def;odl;idl;hpj;bat;asm;asmx</Extensions>
    </Filter>
    <Filter Include="头文件">
      <UniqueIdentifier>{93995380-89BD-4b04-88EB-625FBE52EBFB}</UniqueIdentifier>
      <Extensions>h;hpp;hxx;hm;inl;inc;xsd</Extensions>
    </Filter>
    <Filter Include="Interface">
      <UniqueIdentifier>{04ec70bf-cbb2-4432-8b1d-8ed9a7c9cb1f}</UniqueIdentifier>
    </Filter>
  </ItemGroup>
  <ItemGroup>
    <ClCompile Include="ColorModel.cpp">
      <Filter>源文件</Filter>
    </ClCompile>
    <ClCompile Include="Crc32.cpp">
      <Filter>源文件</Filter>
    </ClCompile>
    <ClCompile Include="DebugTry.cpp">
      <Filter>源文件</Filter>
    </ClCompile>
    <ClCompile Include="Des.cpp">
      <Filter>源文件</Filter>
    </ClCompile>
    <ClCompile Include="EngineCallBack.cpp">
      <Filter>源文件</Filter>
    </ClCompile>
    <ClCompile Include="ExceptionReport.cpp">
      <Filter>源文件</Filter>
    </ClCompile>
    <ClCompile Include="FixPool.cpp">
      <Filter>源文件</Filter>
    </ClCompile>
    <ClCompile Include="Global.cpp">
      <Filter>源文件</Filter>
    </ClCompile>
    <ClCompile Include="md5.cpp">
      <Filter>源文件</Filter>
    </ClCompile>
    <ClCompile Include="MemPool.cpp">
      <Filter>源文件</Filter>
    </ClCompile>
    <ClCompile Include="new.cpp">
      <Filter>源文件</Filter>
    </ClCompile>
    <ClCompile Include="PerfCheck.cpp">
      <Filter>源文件</Filter>
    </ClCompile>
    <ClCompile Include="SeException.cpp">
      <Filter>源文件</Filter>
    </ClCompile>
    <ClCompile Include="ShareMem.cpp">
      <Filter>源文件</Filter>
    </ClCompile>
    <ClCompile Include="StringUtil.cpp">
      <Filter>源文件</Filter>
    </ClCompile>
    <ClCompile Include="TexPool.cpp">
      <Filter>源文件</Filter>
    </ClCompile>
    <ClCompile Include="Timer.cpp">
      <Filter>源文件</Filter>
    </ClCompile>
  </ItemGroup>
  <ItemGroup>
    <ClInclude Include="ColorModel.h">
      <Filter>头文件</Filter>
    </ClInclude>
    <ClInclude Include="Crc32.h">
      <Filter>头文件</Filter>
    </ClInclude>
    <ClInclude Include="DebugTry.h">
      <Filter>头文件</Filter>
    </ClInclude>
    <ClInclude Include="Des.h">
      <Filter>头文件</Filter>
    </ClInclude>
    <ClInclude Include="EngineCallBack.h">
      <Filter>头文件</Filter>
    </ClInclude>
    <ClInclude Include="ExceptionReport.h">
      <Filter>头文件</Filter>
    </ClInclude>
    <ClInclude Include="FixPool.h">
      <Filter>头文件</Filter>
    </ClInclude>
    <ClInclude Include="Global.h">
      <Filter>头文件</Filter>
    </ClInclude>
    <ClInclude Include="Globaldefine.h">
      <Filter>头文件</Filter>
    </ClInclude>
    <ClInclude Include="GlobalErr.h">
      <Filter>头文件</Filter>
    </ClInclude>
    <ClInclude Include="GlobalMsg.h">
      <Filter>头文件</Filter>
    </ClInclude>
    <ClInclude Include="MathUtil.h">
      <Filter>头文件</Filter>
    </ClInclude>
    <ClInclude Include="md5.h">
      <Filter>头文件</Filter>
    </ClInclude>
    <ClInclude Include="MemPool.h">
      <Filter>头文件</Filter>
    </ClInclude>
    <ClInclude Include="new.h">
      <Filter>头文件</Filter>
    </ClInclude>
    <ClInclude Include="PerfCheck.h">
      <Filter>头文件</Filter>
    </ClInclude>
    <ClInclude Include="SeException.h">
      <Filter>头文件</Filter>
    </ClInclude>
    <ClInclude Include="ShareMem.h">
      <Filter>头文件</Filter>
    </ClInclude>
    <ClInclude Include="Standard3DES.h">
      <Filter>头文件</Filter>
    </ClInclude>
    <ClInclude Include="StdHeaders.h">
      <Filter>头文件</Filter>
    </ClInclude>
    <ClInclude Include="StringUtil.h">
      <Filter>头文件</Filter>
    </ClInclude>
    <ClInclude Include="Template.h">
      <Filter>头文件</Filter>
    </ClInclude>
    <ClInclude Include="TexPool.h">
      <Filter>头文件</Filter>
    </ClInclude>
    <ClInclude Include="Timer.h">
      <Filter>头文件</Filter>
    </ClInclude>
    <ClInclude Include="Interface\AudioInterface.h">
      <Filter>Interface</Filter>
    </ClInclude>
    <ClInclude Include="Interface\CallBackInterface.h">
      <Filter>Interface</Filter>
    </ClInclude>
    <ClInclude Include="Interface\EngineInterface.h">
      <Filter>Interface</Filter>
    </ClInclude>
    <ClInclude Include="Interface\FontInterface.h">
      <Filter>Interface</Filter>
    </ClInclude>
    <ClInclude Include="Interface\FreeTypeInterface.h">
      <Filter>Interface</Filter>
    </ClInclude>
    <ClInclude Include="Interface\GraphicInterface.h">
      <Filter>Interface</Filter>
    </ClInclude>
    <ClInclude Include="Interface\LightInterface.h">
      <Filter>Interface</Filter>
    </ClInclude>
    <ClInclude Include="Interface\StreamInterface.h">
      <Filter>Interface</Filter>
    </ClInclude>
    <ClInclude Include="Interface\TexmanagerInterface.h">
      <Filter>Interface</Filter>
    </ClInclude>
    <ClInclude Include="Interface\TextureInterface.h">
      <Filter>Interface</Filter>
    </ClInclude>
    <ClInclude Include="Interface\WeatherInterface.h">
      <Filter>Interface</Filter>
    </ClInclude>
  </ItemGroup>
  <ItemGroup>
    <None Include="ReadMe.txt" />
  </ItemGroup>
</Project>