<?xml version="1.0" encoding="utf-8"?>
<Project ToolsVersion="4.0" xmlns="http://schemas.microsoft.com/developer/msbuild/2003">
  <ItemGroup>
    <Filter Include="Source Files">
      <UniqueIdentifier>{4FC737F1-C7A5-4376-A066-2A32D752A2FF}</UniqueIdentifier>
      <Extensions>cpp;c;cc;cxx;def;odl;idl;hpj;bat;asm;asmx</Extensions>
    </Filter>
    <Filter Include="Header Files">
      <UniqueIdentifier>{93995380-89BD-4b04-88EB-625FBE52EBFB}</UniqueIdentifier>
      <Extensions>h;hpp;hxx;hm;inl;inc;xsd</Extensions>
    </Filter>
  </ItemGroup>
  <ItemGroup>
    <ClCompile Include="ActivityLogWnd.cpp">
      <Filter>Source Files</Filter>
    </ClCompile>
    <ClCompile Include="AdventureWnd.cpp">
      <Filter>Source Files</Filter>
    </ClCompile>
    <ClCompile Include="AssConfigWnd.cpp">
      <Filter>Source Files</Filter>
    </ClCompile>
    <ClCompile Include="AutoLeaveWordsWnd.cpp">
      <Filter>Source Files</Filter>
    </ClCompile>
    <ClCompile Include="AvatarWnd.cpp">
      <Filter>Source Files</Filter>
    </ClCompile>
    <ClCompile Include="BaoJianWnd.cpp">
      <Filter>Source Files</Filter>
    </ClCompile>
    <ClCompile Include="BindPTMsgWnd.cpp">
      <Filter>Source Files</Filter>
    </ClCompile>
    <ClCompile Include="BindPTWnd.cpp">
      <Filter>Source Files</Filter>
    </ClCompile>
    <ClCompile Include="BlessCompoundWnd.cpp">
      <Filter>Source Files</Filter>
    </ClCompile>
    <ClCompile Include="BlessZhongZhouWnd.cpp">
      <Filter>Source Files</Filter>
    </ClCompile>
    <ClCompile Include="BoothGuideWnd.cpp">
      <Filter>Source Files</Filter>
    </ClCompile>
    <ClCompile Include="BoothNamePrice.cpp">
      <Filter>Source Files</Filter>
    </ClCompile>
    <ClCompile Include="BoothSelectWnd.cpp">
      <Filter>Source Files</Filter>
    </ClCompile>
    <ClCompile Include="BoothWnd.cpp">
      <Filter>Source Files</Filter>
    </ClCompile>
    <ClCompile Include="BoxWnd.cpp">
      <Filter>Source Files</Filter>
    </ClCompile>
    <ClCompile Include="CaiHongHelpWnd.cpp">
      <Filter>Source Files</Filter>
    </ClCompile>
    <ClCompile Include="ChatPanelWnd.cpp">
      <Filter>Source Files</Filter>
    </ClCompile>
    <ClCompile Include="CheckMessageBox.cpp">
      <Filter>Source Files</Filter>
    </ClCompile>
    <ClCompile Include="CheckOpenWnd.cpp">
      <Filter>Source Files</Filter>
    </ClCompile>
    <ClCompile Include="ComandWnd.cpp">
      <Filter>Source Files</Filter>
    </ClCompile>
    <ClCompile Include="CommonCondenseWnd.cpp">
      <Filter>Source Files</Filter>
    </ClCompile>
    <ClCompile Include="CommonConfirmWnd.cpp">
      <Filter>Source Files</Filter>
    </ClCompile>
    <ClCompile Include="CommonSelectWnd.cpp">
      <Filter>Source Files</Filter>
    </ClCompile>
    <ClCompile Include="ComposeEquipWnd.cpp">
      <Filter>Source Files</Filter>
    </ClCompile>
    <ClCompile Include="Defend12CtrlWnd.cpp">
      <Filter>Source Files</Filter>
    </ClCompile>
    <ClCompile Include="Defend12GongWnd.cpp">
      <Filter>Source Files</Filter>
    </ClCompile>
    <ClCompile Include="DelSkillWnd.cpp">
      <Filter>Source Files</Filter>
    </ClCompile>
    <ClCompile Include="DivinityWingWnd.cpp">
      <Filter>Source Files</Filter>
    </ClCompile>
    <ClCompile Include="ElixirWnd.cpp">
      <Filter>Source Files</Filter>
    </ClCompile>
    <ClCompile Include="EnterShanWnd.cpp">
      <Filter>Source Files</Filter>
    </ClCompile>
    <ClCompile Include="EquipChaifenWnd.cpp">
      <Filter>Source Files</Filter>
    </ClCompile>
    <ClCompile Include="EquipLevelUpWnd.cpp">
      <Filter>Source Files</Filter>
    </ClCompile>
    <ClCompile Include="EquipSoulWnd.cpp">
      <Filter>Source Files</Filter>
    </ClCompile>
    <ClCompile Include="ExLeavWordsWnd.cpp">
      <Filter>Source Files</Filter>
    </ClCompile>
    <ClCompile Include="ExternMessgeBoxWnd.cpp">
      <Filter>Source Files</Filter>
    </ClCompile>
    <ClCompile Include="ExtractAndUpgradeYuanshiWnd.cpp">
      <Filter>Source Files</Filter>
    </ClCompile>
    <ClCompile Include="FaBaoLevelUpWnd.cpp">
      <Filter>Source Files</Filter>
    </ClCompile>
    <ClCompile Include="FaBaoShowWnd.cpp">
      <Filter>Source Files</Filter>
    </ClCompile>
    <ClCompile Include="FairyGuide.cpp">
      <Filter>Source Files</Filter>
    </ClCompile>
    <ClCompile Include="FireArtificeWnd.cpp">
      <Filter>Source Files</Filter>
    </ClCompile>
    <ClCompile Include="FirmDetailInfoWnd.cpp">
      <Filter>Source Files</Filter>
    </ClCompile>
    <ClCompile Include="FirmWnd.cpp">
      <Filter>Source Files</Filter>
    </ClCompile>
    <ClCompile Include="FuShiSeriesWnd.cpp">
      <Filter>Source Files</Filter>
    </ClCompile>
    <ClCompile Include="GameManager.cpp">
      <Filter>Source Files</Filter>
    </ClCompile>
    <ClCompile Include="GameWnd.cpp">
      <Filter>Source Files</Filter>
    </ClCompile>
    <ClCompile Include="GemCondenseWnd.cpp">
      <Filter>Source Files</Filter>
    </ClCompile>
    <ClCompile Include="GMagicManager.cpp">
      <Filter>Source Files</Filter>
    </ClCompile>
    <ClCompile Include="GoodSubmitWnd.cpp">
      <Filter>Source Files</Filter>
    </ClCompile>
    <ClCompile Include="GreetingWnd.cpp">
      <Filter>Source Files</Filter>
    </ClCompile>
    <ClCompile Include="GSceneManager.cpp">
      <Filter>Source Files</Filter>
    </ClCompile>
    <ClCompile Include="GuildAddMember.cpp">
      <Filter>Source Files</Filter>
    </ClCompile>
    <ClCompile Include="GuildAllyWnd.cpp">
      <Filter>Source Files</Filter>
    </ClCompile>
    <ClCompile Include="GuildDelMember.cpp">
      <Filter>Source Files</Filter>
    </ClCompile>
    <ClCompile Include="GuildEdit.cpp">
      <Filter>Source Files</Filter>
    </ClCompile>
    <ClCompile Include="GuildFlagSelWnd.cpp">
      <Filter>Source Files</Filter>
    </ClCompile>
    <ClCompile Include="HandyMapWnd.cpp">
      <Filter>Source Files</Filter>
    </ClCompile>
    <ClCompile Include="HeartKnackWnd.cpp">
      <Filter>Source Files</Filter>
    </ClCompile>
    <ClCompile Include="HuanHuaWnd.cpp">
      <Filter>Source Files</Filter>
    </ClCompile>
    <ClCompile Include="HuFuFlushWnd.cpp">
      <Filter>Source Files</Filter>
    </ClCompile>
    <ClCompile Include="InputMiBaoWnd.cpp">
      <Filter>Source Files</Filter>
    </ClCompile>
    <ClCompile Include="InputUuidWnd.cpp">
      <Filter>Source Files</Filter>
    </ClCompile>
    <ClCompile Include="InputYelloFlagWnd.cpp">
      <Filter>Source Files</Filter>
    </ClCompile>
    <ClCompile Include="InstanceZonePopupWnd.cpp">
      <Filter>Source Files</Filter>
    </ClCompile>
    <ClCompile Include="KfzArenaWnd.cpp">
      <Filter>Source Files</Filter>
    </ClCompile>
    <ClCompile Include="KfzEditMemberWnd.cpp">
      <Filter>Source Files</Filter>
    </ClCompile>
    <ClCompile Include="KfzFlow.cpp">
      <Filter>Source Files</Filter>
    </ClCompile>
    <ClCompile Include="KfzIEWnd.cpp">
      <Filter>Source Files</Filter>
    </ClCompile>
    <ClCompile Include="KfzMemberListWnd.cpp">
      <Filter>Source Files</Filter>
    </ClCompile>
    <ClCompile Include="KfzMemberState.cpp">
      <Filter>Source Files</Filter>
    </ClCompile>
    <ClCompile Include="KfzResultWnd.cpp">
      <Filter>Source Files</Filter>
    </ClCompile>
    <ClCompile Include="LeaseBoothWnd.cpp">
      <Filter>Source Files</Filter>
    </ClCompile>
    <ClCompile Include="LeaseOtherBoothWnd.cpp">
      <Filter>Source Files</Filter>
    </ClCompile>
    <ClCompile Include="LeaveMessageWnd.cpp">
      <Filter>Source Files</Filter>
    </ClCompile>
    <ClCompile Include="License2Wnd.cpp">
      <Filter>Source Files</Filter>
    </ClCompile>
    <ClCompile Include="LicenseWnd.cpp">
      <Filter>Source Files</Filter>
    </ClCompile>
    <ClCompile Include="LingWuSanWeiFire.cpp">
      <Filter>Source Files</Filter>
    </ClCompile>
    <ClCompile Include="LoginCheckMaskWnd.cpp">
      <Filter>Source Files</Filter>
    </ClCompile>
    <ClCompile Include="LookLeaveWordsWnd.cpp">
      <Filter>Source Files</Filter>
    </ClCompile>
    <ClCompile Include="LuckQyzWnd.cpp">
      <Filter>Source Files</Filter>
    </ClCompile>
    <ClCompile Include="LuxNpcWnd.cpp">
      <Filter>Source Files</Filter>
    </ClCompile>
    <ClCompile Include="MazeWnd.cpp">
      <Filter>Source Files</Filter>
    </ClCompile>
    <ClCompile Include="MemoireWnd.cpp">
      <Filter>Source Files</Filter>
    </ClCompile>
    <ClCompile Include="MeritoriousWnd.cpp">
      <Filter>Source Files</Filter>
    </ClCompile>
    <ClCompile Include="MinMapWnd.cpp">
      <Filter>Source Files</Filter>
    </ClCompile>
    <ClCompile Include="NameWnd.cpp">
      <Filter>Source Files</Filter>
    </ClCompile>
    <ClCompile Include="NoticeHelpWnd.cpp">
      <Filter>Source Files</Filter>
    </ClCompile>
    <ClCompile Include="NoticeIEWnd.cpp">
      <Filter>Source Files</Filter>
    </ClCompile>
    <ClCompile Include="NpcBoardWnd.cpp">
      <Filter>Source Files</Filter>
    </ClCompile>
    <ClCompile Include="NpcBookWnd.cpp">
      <Filter>Source Files</Filter>
    </ClCompile>
    <ClCompile Include="NpcBuyWnd.cpp">
      <Filter>Source Files</Filter>
    </ClCompile>
    <ClCompile Include="NpcListWnd.cpp">
      <Filter>Source Files</Filter>
    </ClCompile>
    <ClCompile Include="NpcQuickWnd.cpp">
      <Filter>Source Files</Filter>
    </ClCompile>
    <ClCompile Include="NpcRecruit.cpp">
      <Filter>Source Files</Filter>
    </ClCompile>
    <ClCompile Include="NpcSaleWnd.cpp">
      <Filter>Source Files</Filter>
    </ClCompile>
    <ClCompile Include="NpcWnd.cpp">
      <Filter>Source Files</Filter>
    </ClCompile>
    <ClCompile Include="OtherBoothWnd.cpp">
      <Filter>Source Files</Filter>
    </ClCompile>
    <ClCompile Include="OtherPlayerEquip.cpp">
      <Filter>Source Files</Filter>
    </ClCompile>
    <ClCompile Include="OtherPlayerFaBaoEquip.cpp">
      <Filter>Source Files</Filter>
    </ClCompile>
    <ClCompile Include="PackageWnd.cpp">
      <Filter>Source Files</Filter>
    </ClCompile>
    <ClCompile Include="PanelWnd.cpp">
      <Filter>Source Files</Filter>
    </ClCompile>
    <ClCompile Include="PersonPanelWnd.cpp">
      <Filter>Source Files</Filter>
    </ClCompile>
    <ClCompile Include="PersonsGuideWnd.cpp">
      <Filter>Source Files</Filter>
    </ClCompile>
    <ClCompile Include="PetInfoWnd.cpp">
      <Filter>Source Files</Filter>
    </ClCompile>
    <ClCompile Include="PetPackageWnd.cpp">
      <Filter>Source Files</Filter>
    </ClCompile>
    <ClCompile Include="PetWnd.cpp">
      <Filter>Source Files</Filter>
    </ClCompile>
    <ClCompile Include="PlayerPanelWnd.cpp">
      <Filter>Source Files</Filter>
    </ClCompile>
    <ClCompile Include="PrayTreeWnd.cpp">
      <Filter>Source Files</Filter>
    </ClCompile>
    <ClCompile Include="ProduceWnd.cpp">
      <Filter>Source Files</Filter>
    </ClCompile>
    <ClCompile Include="QiShouWnd.cpp">
      <Filter>Source Files</Filter>
    </ClCompile>
    <ClCompile Include="QuickBuyWnd.cpp">
      <Filter>Source Files</Filter>
    </ClCompile>
    <ClCompile Include="QuickItemFashionalWnd.cpp">
      <Filter>Source Files</Filter>
    </ClCompile>
    <ClCompile Include="RadioWnd.cpp">
      <Filter>Source Files</Filter>
    </ClCompile>
    <ClCompile Include="RangeWnd.cpp">
      <Filter>Source Files</Filter>
    </ClCompile>
    <ClCompile Include="ReadQuitWnd.cpp">
      <Filter>Source Files</Filter>
    </ClCompile>
    <ClCompile Include="ReceiveMsgWnd.cpp">
      <Filter>Source Files</Filter>
    </ClCompile>
    <ClCompile Include="RelationWnd.cpp">
      <Filter>Source Files</Filter>
    </ClCompile>
    <ClCompile Include="ReplyWnd.cpp">
      <Filter>Source Files</Filter>
    </ClCompile>
    <ClCompile Include="RTSInstanceWnd.cpp">
      <Filter>Source Files</Filter>
    </ClCompile>
    <ClCompile Include="RunHorseLampWnd.cpp">
      <Filter>Source Files</Filter>
    </ClCompile>
    <ClCompile Include="SanWeiFireWnd.cpp">
      <Filter>Source Files</Filter>
    </ClCompile>
    <ClCompile Include="SealBookWnd.cpp">
      <Filter>Source Files</Filter>
    </ClCompile>
    <ClCompile Include="SealWnd.cpp">
      <Filter>Source Files</Filter>
    </ClCompile>
    <ClCompile Include="SetQuickItemWnd.cpp">
      <Filter>Source Files</Filter>
    </ClCompile>
    <ClCompile Include="ShortCutKeyWnd.cpp">
      <Filter>Source Files</Filter>
    </ClCompile>
    <ClCompile Include="ShortCutWnd.cpp">
      <Filter>Source Files</Filter>
    </ClCompile>
    <ClCompile Include="SkillWnd.cpp">
      <Filter>Source Files</Filter>
    </ClCompile>
    <ClCompile Include="SmallGemCon.cpp">
      <Filter>Source Files</Filter>
    </ClCompile>
    <ClCompile Include="SplitStoneWnd.cpp">
      <Filter>Source Files</Filter>
    </ClCompile>
    <ClCompile Include="SysConfigWnd.cpp">
      <Filter>Source Files</Filter>
    </ClCompile>
    <ClCompile Include="TalkViewWnd.cpp">
      <Filter>Source Files</Filter>
    </ClCompile>
    <ClCompile Include="TaskTreeDesWnd.cpp">
      <Filter>Source Files</Filter>
    </ClCompile>
    <ClCompile Include="TaskWnd.cpp">
      <Filter>Source Files</Filter>
    </ClCompile>
    <ClCompile Include="TaskWuSeDailyWnd.cpp">
      <Filter>Source Files</Filter>
    </ClCompile>
    <ClCompile Include="TeamWnd.cpp">
      <Filter>Source Files</Filter>
    </ClCompile>
    <ClCompile Include="TigerRuneWnd.cpp">
      <Filter>Source Files</Filter>
    </ClCompile>
    <ClCompile Include="TradeWnd.cpp">
      <Filter>Source Files</Filter>
    </ClCompile>
    <ClCompile Include="TreasureMapWnd.cpp">
      <Filter>Source Files</Filter>
    </ClCompile>
    <ClCompile Include="UploadWnd.cpp">
      <Filter>Source Files</Filter>
    </ClCompile>
    <ClCompile Include="UseObjectWnd.cpp">
      <Filter>Source Files</Filter>
    </ClCompile>
    <ClCompile Include="UserInfoWnd.cpp">
      <Filter>Source Files</Filter>
    </ClCompile>
    <ClCompile Include="VipCardWnd.cpp">
      <Filter>Source Files</Filter>
    </ClCompile>
    <ClCompile Include="VipStoreWnd.cpp">
      <Filter>Source Files</Filter>
    </ClCompile>
    <ClCompile Include="VoiceAddWnd.cpp">
      <Filter>Source Files</Filter>
    </ClCompile>
    <ClCompile Include="VoiceCfgWnd.cpp">
      <Filter>Source Files</Filter>
    </ClCompile>
    <ClCompile Include="VoiceChatWnd.cpp">
      <Filter>Source Files</Filter>
    </ClCompile>
    <ClCompile Include="VoicePasswordWnd.cpp">
      <Filter>Source Files</Filter>
    </ClCompile>
    <ClCompile Include="VoiceSearchWnd.cpp">
      <Filter>Source Files</Filter>
    </ClCompile>
    <ClCompile Include="VoiceWnd.cpp">
      <Filter>Source Files</Filter>
    </ClCompile>
    <ClCompile Include="WenPeiWnd.cpp">
      <Filter>Source Files</Filter>
    </ClCompile>
    <ClCompile Include="WoolStorBuyCount.cpp">
      <Filter>Source Files</Filter>
    </ClCompile>
    <ClCompile Include="WoolStorCleanWnd.cpp">
      <Filter>Source Files</Filter>
    </ClCompile>
    <ClCompile Include="WoolStorRecvOKWnd.cpp">
      <Filter>Source Files</Filter>
    </ClCompile>
    <ClCompile Include="WoolStorSendOKWnd.cpp">
      <Filter>Source Files</Filter>
    </ClCompile>
    <ClCompile Include="WoolStorSendWnd.cpp">
      <Filter>Source Files</Filter>
    </ClCompile>
    <ClCompile Include="WooolStoreWnd.cpp">
      <Filter>Source Files</Filter>
    </ClCompile>
    <ClCompile Include="WooolStoryWnd.cpp">
      <Filter>Source Files</Filter>
    </ClCompile>
    <ClCompile Include="WuXingPrizeWnd.cpp">
      <Filter>Source Files</Filter>
    </ClCompile>
    <ClCompile Include="YiHuoZhanMsgWnd.cpp">
      <Filter>Source Files</Filter>
    </ClCompile>
    <ClCompile Include="YuanBaoWnd.cpp">
      <Filter>Source Files</Filter>
    </ClCompile>
    <ClCompile Include="YuShouLevelUpWnd.cpp">
      <Filter>Source Files</Filter>
    </ClCompile>
  </ItemGroup>
  <ItemGroup>
    <ClInclude Include="ActivityLogWnd.h">
      <Filter>Header Files</Filter>
    </ClInclude>
    <ClInclude Include="AdventureWnd.h">
      <Filter>Header Files</Filter>
    </ClInclude>
    <ClInclude Include="AssConfigWnd.h">
      <Filter>Header Files</Filter>
    </ClInclude>
    <ClInclude Include="AutoLeaveWordsWnd.h">
      <Filter>Header Files</Filter>
    </ClInclude>
    <ClInclude Include="AvatarWnd.h">
      <Filter>Header Files</Filter>
    </ClInclude>
    <ClInclude Include="BaoJianWnd.h">
      <Filter>Header Files</Filter>
    </ClInclude>
    <ClInclude Include="BindPTMsgWnd.h">
      <Filter>Header Files</Filter>
    </ClInclude>
    <ClInclude Include="BindPTWnd.h">
      <Filter>Header Files</Filter>
    </ClInclude>
    <ClInclude Include="BlessCompoundWnd.h">
      <Filter>Header Files</Filter>
    </ClInclude>
    <ClInclude Include="BlessZhongZhouWnd.h">
      <Filter>Header Files</Filter>
    </ClInclude>
    <ClInclude Include="BoothGuideWnd.h">
      <Filter>Header Files</Filter>
    </ClInclude>
    <ClInclude Include="BoothNamePrice.h">
      <Filter>Header Files</Filter>
    </ClInclude>
    <ClInclude Include="BoothSelectWnd.h">
      <Filter>Header Files</Filter>
    </ClInclude>
    <ClInclude Include="BoothWnd.h">
      <Filter>Header Files</Filter>
    </ClInclude>
    <ClInclude Include="BoxWnd.h">
      <Filter>Header Files</Filter>
    </ClInclude>
    <ClInclude Include="CaiHongHelpWnd.h">
      <Filter>Header Files</Filter>
    </ClInclude>
    <ClInclude Include="ChatPanelWnd.h">
      <Filter>Header Files</Filter>
    </ClInclude>
    <ClInclude Include="CheckMessageBox.h">
      <Filter>Header Files</Filter>
    </ClInclude>
    <ClInclude Include="CheckOpenWnd.h">
      <Filter>Header Files</Filter>
    </ClInclude>
    <ClInclude Include="ComandWnd.h">
      <Filter>Header Files</Filter>
    </ClInclude>
    <ClInclude Include="CommonCondenseWnd.h">
      <Filter>Header Files</Filter>
    </ClInclude>
    <ClInclude Include="CommonConfirmWnd.h">
      <Filter>Header Files</Filter>
    </ClInclude>
    <ClInclude Include="CommonSelectWnd.h">
      <Filter>Header Files</Filter>
    </ClInclude>
    <ClInclude Include="ComposeEquipWnd.h">
      <Filter>Header Files</Filter>
    </ClInclude>
    <ClInclude Include="Defend12CtrlWnd.h">
      <Filter>Header Files</Filter>
    </ClInclude>
    <ClInclude Include="Defend12GongWnd.h">
      <Filter>Header Files</Filter>
    </ClInclude>
    <ClInclude Include="DelSkillWnd.h">
      <Filter>Header Files</Filter>
    </ClInclude>
    <ClInclude Include="DivinityWingWnd.h">
      <Filter>Header Files</Filter>
    </ClInclude>
    <ClInclude Include="ElixirWnd.h">
      <Filter>Header Files</Filter>
    </ClInclude>
    <ClInclude Include="EnterShanWnd.h">
      <Filter>Header Files</Filter>
    </ClInclude>
    <ClInclude Include="EquipChaifenWnd.h">
      <Filter>Header Files</Filter>
    </ClInclude>
    <ClInclude Include="EquipLevelUpWnd.h">
      <Filter>Header Files</Filter>
    </ClInclude>
    <ClInclude Include="EquipSoulWnd.h">
      <Filter>Header Files</Filter>
    </ClInclude>
    <ClInclude Include="ExLeavWordsWnd.h">
      <Filter>Header Files</Filter>
    </ClInclude>
    <ClInclude Include="ExternMessgeBoxWnd.h">
      <Filter>Header Files</Filter>
    </ClInclude>
    <ClInclude Include="ExtractAndUpgradeYuanshiWnd.h">
      <Filter>Header Files</Filter>
    </ClInclude>
    <ClInclude Include="FaBaoLevelUpWnd.h">
      <Filter>Header Files</Filter>
    </ClInclude>
    <ClInclude Include="FaBaoShowWnd.h">
      <Filter>Header Files</Filter>
    </ClInclude>
    <ClInclude Include="FairyGuide.h">
      <Filter>Header Files</Filter>
    </ClInclude>
    <ClInclude Include="FireArtificeWnd.h">
      <Filter>Header Files</Filter>
    </ClInclude>
    <ClInclude Include="FirmDetailInfoWnd.h">
      <Filter>Header Files</Filter>
    </ClInclude>
    <ClInclude Include="FirmWnd.h">
      <Filter>Header Files</Filter>
    </ClInclude>
    <ClInclude Include="FuShiSeriesWnd.h">
      <Filter>Header Files</Filter>
    </ClInclude>
    <ClInclude Include="GameManager.h">
      <Filter>Header Files</Filter>
    </ClInclude>
    <ClInclude Include="GameWnd.h">
      <Filter>Header Files</Filter>
    </ClInclude>
    <ClInclude Include="GemCondenseWnd.h">
      <Filter>Header Files</Filter>
    </ClInclude>
    <ClInclude Include="GMagicManager.h">
      <Filter>Header Files</Filter>
    </ClInclude>
    <ClInclude Include="GoodSubmitWnd.h">
      <Filter>Header Files</Filter>
    </ClInclude>
    <ClInclude Include="GreetingWnd.h">
      <Filter>Header Files</Filter>
    </ClInclude>
    <ClInclude Include="GSceneDefine.h">
      <Filter>Header Files</Filter>
    </ClInclude>
    <ClInclude Include="GSceneManager.h">
      <Filter>Header Files</Filter>
    </ClInclude>
    <ClInclude Include="GuildAddMember.h">
      <Filter>Header Files</Filter>
    </ClInclude>
    <ClInclude Include="GuildAllyWnd.h">
      <Filter>Header Files</Filter>
    </ClInclude>
    <ClInclude Include="GuildDelMember.h">
      <Filter>Header Files</Filter>
    </ClInclude>
    <ClInclude Include="GuildEdit.h">
      <Filter>Header Files</Filter>
    </ClInclude>
    <ClInclude Include="GuildFlagSelWnd.h">
      <Filter>Header Files</Filter>
    </ClInclude>
    <ClInclude Include="HandyMapWnd.h">
      <Filter>Header Files</Filter>
    </ClInclude>
    <ClInclude Include="HeartKnackWnd.h">
      <Filter>Header Files</Filter>
    </ClInclude>
    <ClInclude Include="HuanHuaWnd.h">
      <Filter>Header Files</Filter>
    </ClInclude>
    <ClInclude Include="HuFuFlushWnd.h">
      <Filter>Header Files</Filter>
    </ClInclude>
    <ClInclude Include="InputMiBaoWnd.h">
      <Filter>Header Files</Filter>
    </ClInclude>
    <ClInclude Include="InputUuidWnd.h">
      <Filter>Header Files</Filter>
    </ClInclude>
    <ClInclude Include="InputYelloFlagWnd.h">
      <Filter>Header Files</Filter>
    </ClInclude>
    <ClInclude Include="InstanceZonePopupWnd.h">
      <Filter>Header Files</Filter>
    </ClInclude>
    <ClInclude Include="KfzArenaWnd.h">
      <Filter>Header Files</Filter>
    </ClInclude>
    <ClInclude Include="KfzEditMemberWnd.h">
      <Filter>Header Files</Filter>
    </ClInclude>
    <ClInclude Include="KfzFlow.h">
      <Filter>Header Files</Filter>
    </ClInclude>
    <ClInclude Include="KfzIEWnd.h">
      <Filter>Header Files</Filter>
    </ClInclude>
    <ClInclude Include="KfzMemberListWnd.h">
      <Filter>Header Files</Filter>
    </ClInclude>
    <ClInclude Include="KfzMemberState.h">
      <Filter>Header Files</Filter>
    </ClInclude>
    <ClInclude Include="KfzResultWnd.h">
      <Filter>Header Files</Filter>
    </ClInclude>
    <ClInclude Include="LeaseBoothWnd.h">
      <Filter>Header Files</Filter>
    </ClInclude>
    <ClInclude Include="LeaseOtherBoothWnd.h">
      <Filter>Header Files</Filter>
    </ClInclude>
    <ClInclude Include="LeaveMessageWnd.h">
      <Filter>Header Files</Filter>
    </ClInclude>
    <ClInclude Include="License2Wnd.h">
      <Filter>Header Files</Filter>
    </ClInclude>
    <ClInclude Include="LicenseWnd.h">
      <Filter>Header Files</Filter>
    </ClInclude>
    <ClInclude Include="LingWuSanWeiFire.h">
      <Filter>Header Files</Filter>
    </ClInclude>
    <ClInclude Include="LoginCheckMaskWnd.h">
      <Filter>Header Files</Filter>
    </ClInclude>
    <ClInclude Include="LookLeaveWordsWnd.h">
      <Filter>Header Files</Filter>
    </ClInclude>
    <ClInclude Include="LuckQyzWnd.h">
      <Filter>Header Files</Filter>
    </ClInclude>
    <ClInclude Include="LuxNpcWnd.h">
      <Filter>Header Files</Filter>
    </ClInclude>
    <ClInclude Include="MazeWnd.h">
      <Filter>Header Files</Filter>
    </ClInclude>
    <ClInclude Include="MemoireWnd.h">
      <Filter>Header Files</Filter>
    </ClInclude>
    <ClInclude Include="MeritoriousWnd.h">
      <Filter>Header Files</Filter>
    </ClInclude>
    <ClInclude Include="MinMapWnd.h">
      <Filter>Header Files</Filter>
    </ClInclude>
    <ClInclude Include="NameWnd.h">
      <Filter>Header Files</Filter>
    </ClInclude>
    <ClInclude Include="NoticeHelpWnd.h">
      <Filter>Header Files</Filter>
    </ClInclude>
    <ClInclude Include="NoticeIEWnd.h">
      <Filter>Header Files</Filter>
    </ClInclude>
    <ClInclude Include="NpcBoardWnd.h">
      <Filter>Header Files</Filter>
    </ClInclude>
    <ClInclude Include="NpcBookWnd.h">
      <Filter>Header Files</Filter>
    </ClInclude>
    <ClInclude Include="NpcBuyWnd.h">
      <Filter>Header Files</Filter>
    </ClInclude>
    <ClInclude Include="NpcListWnd.h">
      <Filter>Header Files</Filter>
    </ClInclude>
    <ClInclude Include="NpcQuickWnd.h">
      <Filter>Header Files</Filter>
    </ClInclude>
    <ClInclude Include="NpcRecruit.h">
      <Filter>Header Files</Filter>
    </ClInclude>
    <ClInclude Include="NpcSaleWnd.h">
      <Filter>Header Files</Filter>
    </ClInclude>
    <ClInclude Include="NpcWnd.h">
      <Filter>Header Files</Filter>
    </ClInclude>
    <ClInclude Include="OtherBoothWnd.h">
      <Filter>Header Files</Filter>
    </ClInclude>
    <ClInclude Include="OtherPlayerEquip.h">
      <Filter>Header Files</Filter>
    </ClInclude>
    <ClInclude Include="OtherPlayerFaBaoEquip.h">
      <Filter>Header Files</Filter>
    </ClInclude>
    <ClInclude Include="PackageWnd.h">
      <Filter>Header Files</Filter>
    </ClInclude>
    <ClInclude Include="PanelWnd.h">
      <Filter>Header Files</Filter>
    </ClInclude>
    <ClInclude Include="PersonPanelWnd.h">
      <Filter>Header Files</Filter>
    </ClInclude>
    <ClInclude Include="PersonsGuideWnd.h">
      <Filter>Header Files</Filter>
    </ClInclude>
    <ClInclude Include="PetInfoWnd.h">
      <Filter>Header Files</Filter>
    </ClInclude>
    <ClInclude Include="PetPackageWnd.h">
      <Filter>Header Files</Filter>
    </ClInclude>
    <ClInclude Include="PetWnd.h">
      <Filter>Header Files</Filter>
    </ClInclude>
    <ClInclude Include="PlayerPanelWnd.h">
      <Filter>Header Files</Filter>
    </ClInclude>
    <ClInclude Include="PrayTreeWnd.h">
      <Filter>Header Files</Filter>
    </ClInclude>
    <ClInclude Include="ProduceWnd.h">
      <Filter>Header Files</Filter>
    </ClInclude>
    <ClInclude Include="QiShouWnd.h">
      <Filter>Header Files</Filter>
    </ClInclude>
    <ClInclude Include="QuickBuyWnd.h">
      <Filter>Header Files</Filter>
    </ClInclude>
    <ClInclude Include="QuickItemFashionalWnd.h">
      <Filter>Header Files</Filter>
    </ClInclude>
    <ClInclude Include="RadioWnd.h">
      <Filter>Header Files</Filter>
    </ClInclude>
    <ClInclude Include="RangeWnd.h">
      <Filter>Header Files</Filter>
    </ClInclude>
    <ClInclude Include="ReadQuitWnd.h">
      <Filter>Header Files</Filter>
    </ClInclude>
    <ClInclude Include="ReceiveMsgWnd.h">
      <Filter>Header Files</Filter>
    </ClInclude>
    <ClInclude Include="RelationWnd.h">
      <Filter>Header Files</Filter>
    </ClInclude>
    <ClInclude Include="ReplyWnd.h">
      <Filter>Header Files</Filter>
    </ClInclude>
    <ClInclude Include="RTSInstanceWnd.h">
      <Filter>Header Files</Filter>
    </ClInclude>
    <ClInclude Include="RunHorseLampWnd.h">
      <Filter>Header Files</Filter>
    </ClInclude>
    <ClInclude Include="SanWeiFireWnd.h">
      <Filter>Header Files</Filter>
    </ClInclude>
    <ClInclude Include="SealBookWnd.h">
      <Filter>Header Files</Filter>
    </ClInclude>
    <ClInclude Include="SealWnd.h">
      <Filter>Header Files</Filter>
    </ClInclude>
    <ClInclude Include="SetQuickItemWnd.h">
      <Filter>Header Files</Filter>
    </ClInclude>
    <ClInclude Include="ShortCutKeyWnd.h">
      <Filter>Header Files</Filter>
    </ClInclude>
    <ClInclude Include="ShortCutWnd.h">
      <Filter>Header Files</Filter>
    </ClInclude>
    <ClInclude Include="SkillWnd.h">
      <Filter>Header Files</Filter>
    </ClInclude>
    <ClInclude Include="SmallGemCon.h">
      <Filter>Header Files</Filter>
    </ClInclude>
    <ClInclude Include="SplitStoneWnd.h">
      <Filter>Header Files</Filter>
    </ClInclude>
    <ClInclude Include="SysConfigWnd.h">
      <Filter>Header Files</Filter>
    </ClInclude>
    <ClInclude Include="TalkViewWnd.h">
      <Filter>Header Files</Filter>
    </ClInclude>
    <ClInclude Include="TaskTreeDesWnd.h">
      <Filter>Header Files</Filter>
    </ClInclude>
    <ClInclude Include="TaskWnd.h">
      <Filter>Header Files</Filter>
    </ClInclude>
    <ClInclude Include="TaskWuSeDailyWnd.h">
      <Filter>Header Files</Filter>
    </ClInclude>
    <ClInclude Include="TeamWnd.h">
      <Filter>Header Files</Filter>
    </ClInclude>
    <ClInclude Include="TigerRuneWnd.h">
      <Filter>Header Files</Filter>
    </ClInclude>
    <ClInclude Include="TradeWnd.h">
      <Filter>Header Files</Filter>
    </ClInclude>
    <ClInclude Include="TreasureMapWnd.h">
      <Filter>Header Files</Filter>
    </ClInclude>
    <ClInclude Include="UploadWnd.h">
      <Filter>Header Files</Filter>
    </ClInclude>
    <ClInclude Include="UseObjectWnd.h">
      <Filter>Header Files</Filter>
    </ClInclude>
    <ClInclude Include="UserInfoWnd.h">
      <Filter>Header Files</Filter>
    </ClInclude>
    <ClInclude Include="VipCardWnd.h">
      <Filter>Header Files</Filter>
    </ClInclude>
    <ClInclude Include="VipStoreWnd.h">
      <Filter>Header Files</Filter>
    </ClInclude>
    <ClInclude Include="VoiceWnd.h">
      <Filter>Header Files</Filter>
    </ClInclude>
    <ClInclude Include="WenPeiWnd.h">
      <Filter>Header Files</Filter>
    </ClInclude>
    <ClInclude Include="WoolStorBuyCount.h">
      <Filter>Header Files</Filter>
    </ClInclude>
    <ClInclude Include="WoolStorCleanWnd.h">
      <Filter>Header Files</Filter>
    </ClInclude>
    <ClInclude Include="WoolStorRecvOKWnd.h">
      <Filter>Header Files</Filter>
    </ClInclude>
    <ClInclude Include="WoolStorSendOKWnd.h">
      <Filter>Header Files</Filter>
    </ClInclude>
    <ClInclude Include="WoolStorSendWnd.h">
      <Filter>Header Files</Filter>
    </ClInclude>
    <ClInclude Include="WooolStoreWnd.h">
      <Filter>Header Files</Filter>
    </ClInclude>
    <ClInclude Include="WooolStoryWnd.h">
      <Filter>Header Files</Filter>
    </ClInclude>
    <ClInclude Include="WuXingPrizeWnd.h">
      <Filter>Header Files</Filter>
    </ClInclude>
    <ClInclude Include="YiHuoZhanMsgWnd.h">
      <Filter>Header Files</Filter>
    </ClInclude>
    <ClInclude Include="YuanBaoWnd.h">
      <Filter>Header Files</Filter>
    </ClInclude>
    <ClInclude Include="YuShouLevelUpWnd.h">
      <Filter>Header Files</Filter>
    </ClInclude>
  </ItemGroup>
  <ItemGroup>
    <None Include="ReadMe.txt" />
  </ItemGroup>
</Project>