<?xml version="1.0" encoding="utf-8"?>
<Project ToolsVersion="4.0" xmlns="http://schemas.microsoft.com/developer/msbuild/2003">
  <ItemGroup>
    <Filter Include="头文件">
      <UniqueIdentifier>{93995380-89BD-4b04-88EB-625FBE52EBFB}</UniqueIdentifier>
      <Extensions>h;hpp;hxx;hm;inl;inc;xsd</Extensions>
    </Filter>
    <Filter Include="源文件">
      <UniqueIdentifier>{4FC737F1-C7A5-4376-A066-2A32D752A2FF}</UniqueIdentifier>
      <Extensions>cpp;c;cxx;def;odl;idl;hpj;bat;asm;asmx</Extensions>
    </Filter>
  </ItemGroup>
  <ItemGroup>
    <ClInclude Include="header\xClientObject.h">
      <Filter>头文件</Filter>
    </ClInclude>
    <ClInclude Include="header\xError.h">
      <Filter>头文件</Filter>
    </ClInclude>
    <ClInclude Include="header\xExtractString.h">
      <Filter>头文件</Filter>
    </ClInclude>
    <ClInclude Include="header\xFmtTextProc.h">
      <Filter>头文件</Filter>
    </ClInclude>
    <ClInclude Include="header\xInc.h">
      <Filter>头文件</Filter>
    </ClInclude>
    <ClInclude Include="header\xIndexObject.h">
      <Filter>头文件</Filter>
    </ClInclude>
    <ClInclude Include="header\xIndexObjectPool.h">
      <Filter>头文件</Filter>
    </ClInclude>
    <ClInclude Include="header\xIndexPtrList.h">
      <Filter>头文件</Filter>
    </ClInclude>
    <ClInclude Include="header\xIocpManager.h">
      <Filter>头文件</Filter>
    </ClInclude>
    <ClInclude Include="header\xIocpServer.h">
      <Filter>头文件</Filter>
    </ClInclude>
    <ClInclude Include="header\xIocpUnit.h">
      <Filter>头文件</Filter>
    </ClInclude>
    <ClInclude Include="header\xIocpWorkThread.h">
      <Filter>头文件</Filter>
    </ClInclude>
    <ClInclude Include="xLib.h">
      <Filter>头文件</Filter>
    </ClInclude>
    <ClInclude Include="header\xListenObject.h">
      <Filter>头文件</Filter>
    </ClInclude>
    <ClInclude Include="header\xNameCheck.h">
      <Filter>头文件</Filter>
    </ClInclude>
    <ClInclude Include="header\xPacket.h">
      <Filter>头文件</Filter>
    </ClInclude>
    <ClInclude Include="header\xServerObject.h">
      <Filter>头文件</Filter>
    </ClInclude>
    <ClInclude Include="header\xSocket.h">
      <Filter>头文件</Filter>
    </ClInclude>
    <ClInclude Include="header\xStringList.h">
      <Filter>头文件</Filter>
    </ClInclude>
    <ClInclude Include="header\xSupport.h">
      <Filter>头文件</Filter>
    </ClInclude>
    <ClInclude Include="header\xThread.h">
      <Filter>头文件</Filter>
    </ClInclude>
  </ItemGroup>
  <ItemGroup>
    <ClCompile Include="source\xClientObject.cpp">
      <Filter>源文件</Filter>
    </ClCompile>
    <ClCompile Include="source\xIocpManager.cpp">
      <Filter>源文件</Filter>
    </ClCompile>
    <ClCompile Include="source\xIocpServer.cpp">
      <Filter>源文件</Filter>
    </ClCompile>
    <ClCompile Include="source\xIocpUnit.cpp">
      <Filter>源文件</Filter>
    </ClCompile>
    <ClCompile Include="source\xIocpWorkThread.cpp">
      <Filter>源文件</Filter>
    </ClCompile>
    <ClCompile Include="source\xListenObject.cpp">
      <Filter>源文件</Filter>
    </ClCompile>
    <ClCompile Include="source\xServerObject.cpp">
      <Filter>源文件</Filter>
    </ClCompile>
    <ClCompile Include="source\xSocket.cpp">
      <Filter>源文件</Filter>
    </ClCompile>
    <ClCompile Include="source\xSupport.cpp">
      <Filter>源文件</Filter>
    </ClCompile>
    <ClCompile Include="source\xThread.cpp">
      <Filter>源文件</Filter>
    </ClCompile>
    <ClCompile Include="source\xPacketPool.cpp">
      <Filter>源文件</Filter>
    </ClCompile>
  </ItemGroup>
</Project>