<?xml version="1.0" encoding="utf-8"?>
<Project ToolsVersion="4.0" xmlns="http://schemas.microsoft.com/developer/msbuild/2003">
  <ItemGroup>
    <ClCompile Include="ServerManager.cpp">
      <Filter>源文件</Filter>
    </ClCompile>
    <ClCompile Include="StartServer.cpp">
      <Filter>源文件</Filter>
    </ClCompile>
    <ClCompile Include="stdafx.cpp">
      <Filter>源文件</Filter>
    </ClCompile>
    <ClCompile Include="MySQLProcess.cpp">
      <Filter>源文件</Filter>
    </ClCompile>
    <ClCompile Include="ServerProcess.cpp">
      <Filter>源文件</Filter>
    </ClCompile>
  </ItemGroup>
  <ItemGroup>
    <ClInclude Include="..\res\resource.h">
      <Filter>资源文件</Filter>
    </ClInclude>
    <ClInclude Include="ServerManager.h">
      <Filter>头文件</Filter>
    </ClInclude>
    <ClInclude Include="stdafx.h">
      <Filter>头文件</Filter>
    </ClInclude>
    <ClInclude Include="MySQLProcess.h">
      <Filter>头文件</Filter>
    </ClInclude>
    <ClInclude Include="ServerProcess.h">
      <Filter>头文件</Filter>
    </ClInclude>
  </ItemGroup>
  <ItemGroup>
    <Filter Include="资源文件">
      <UniqueIdentifier>{b3664724-9fd6-4550-8f94-940f59ec9480}</UniqueIdentifier>
    </Filter>
    <Filter Include="源文件">
      <UniqueIdentifier>{7f0a8376-385d-47de-8d27-529725fc9f12}</UniqueIdentifier>
    </Filter>
    <Filter Include="头文件">
      <UniqueIdentifier>{6ccfc60a-f143-434f-80e3-7415508872b6}</UniqueIdentifier>
    </Filter>
  </ItemGroup>
  <ItemGroup>
    <ResourceCompile Include="..\res\public.rc">
      <Filter>资源文件</Filter>
    </ResourceCompile>
  </ItemGroup>
</Project>