<?xml version="1.0" encoding="utf-8"?>
<Project ToolsVersion="4.0" xmlns="http://schemas.microsoft.com/developer/msbuild/2003">
  <ItemGroup>
    <Filter Include="源文件">
      <UniqueIdentifier>{4FC737F1-C7A5-4376-A066-2A32D752A2FF}</UniqueIdentifier>
      <Extensions>cpp;c;cxx;def;odl;idl;hpj;bat;asm;asmx</Extensions>
    </Filter>
    <Filter Include="头文件">
      <UniqueIdentifier>{93995380-89BD-4b04-88EB-625FBE52EBFB}</UniqueIdentifier>
      <Extensions>h;hpp;hxx;hm;inl;inc;xsd</Extensions>
    </Filter>
  </ItemGroup>
  <ItemGroup>
    <ClCompile Include="BanIpListEx.cpp">
      <Filter>源文件</Filter>
    </ClCompile>
    <ClCompile Include="BaseServer.cpp">
      <Filter>源文件</Filter>
    </ClCompile>
    <ClCompile Include="ClientObject.cpp">
      <Filter>源文件</Filter>
    </ClCompile>
    <ClCompile Include="DBClientObj.cpp">
      <Filter>源文件</Filter>
    </ClCompile>
    <ClCompile Include="IOConsole.cpp">
      <Filter>源文件</Filter>
    </ClCompile>
    <ClCompile Include="LogFile.cpp">
      <Filter>源文件</Filter>
    </ClCompile>
    <ClCompile Include="MsgProcessor.cpp">
      <Filter>源文件</Filter>
    </ClCompile>
    <ClCompile Include="SCClientObj.cpp">
      <Filter>源文件</Filter>
    </ClCompile>
    <ClCompile Include="ServerForm.cpp">
      <Filter>源文件</Filter>
    </ClCompile>
    <ClCompile Include="stdafx.cpp">
      <Filter>源文件</Filter>
    </ClCompile>
    <ClCompile Include="TempClient.cpp">
      <Filter>源文件</Filter>
    </ClCompile>
    <ClCompile Include="CrashHandler.cpp">
      <Filter>源文件</Filter>
    </ClCompile>
  </ItemGroup>
  <ItemGroup>
    <ClInclude Include="BanIpListEx.h">
      <Filter>头文件</Filter>
    </ClInclude>
    <ClInclude Include="BaseServer.h">
      <Filter>头文件</Filter>
    </ClInclude>
    <ClInclude Include="ClientObject.h">
      <Filter>头文件</Filter>
    </ClInclude>
    <ClInclude Include="DBClientObj.h">
      <Filter>头文件</Filter>
    </ClInclude>
    <ClInclude Include="Inc.h">
      <Filter>头文件</Filter>
    </ClInclude>
    <ClInclude Include="IOConsole.h">
      <Filter>头文件</Filter>
    </ClInclude>
    <ClInclude Include="LogFile.h">
      <Filter>头文件</Filter>
    </ClInclude>
    <ClInclude Include="..\..\mirpublic\mirdefine.h">
      <Filter>头文件</Filter>
    </ClInclude>
    <ClInclude Include="MsgProcessor.h">
      <Filter>头文件</Filter>
    </ClInclude>
    <ClInclude Include="Public.h">
      <Filter>头文件</Filter>
    </ClInclude>
    <ClInclude Include="SCClientObj.h">
      <Filter>头文件</Filter>
    </ClInclude>
    <ClInclude Include="ServerForm.h">
      <Filter>头文件</Filter>
    </ClInclude>
    <ClInclude Include="stdafx.h">
      <Filter>头文件</Filter>
    </ClInclude>
    <ClInclude Include="TempClient.h">
      <Filter>头文件</Filter>
    </ClInclude>
    <ClInclude Include="VirtualServer.h">
      <Filter>头文件</Filter>
    </ClInclude>
    <ClInclude Include="CrashHandler.h">
      <Filter>头文件</Filter>
    </ClInclude>
    <ClInclude Include="EventBus.h">
      <Filter>头文件</Filter>
    </ClInclude>
    <ClInclude Include="IOToMainQueue.h">
      <Filter>头文件</Filter>
    </ClInclude>
  </ItemGroup>
</Project>